
Microsoft Visual Studio Solution File, Format Version 12.00
# Visual Studio Version 17
VisualStudioVersion = 17.14.36623.8
MinimumVisualStudioVersion = 10.0.40219.1
Project("{2150E333-8FDC-42A3-9474-1A3956D46DE8}") = "1.Enterprice Business Rules", "1.Enterprice Business Rules", "{02EA681E-C7D8-13C7-8484-4AC65E1B71E8}"
EndProject
Project("{2150E333-8FDC-42A3-9474-1A3956D46DE8}") = "2.Application Business Rules", "2.Application Business Rules", "{7847453E-C93D-4BD8-B1B2-39357E0DFF0A}"
EndProject
Project("{2150E333-8FDC-42A3-9474-1A3956D46DE8}") = "3.Interface Adapters", "3.Interface Adapters", "{5C5A6063-2E97-430B-91B5-C697B41C5E3D}"
EndProject
Project("{2150E333-8FDC-42A3-9474-1A3956D46DE8}") = "4.Frameworks And Drivers", "4.Frameworks And Drivers", "{9A4A8AB8-A4E5-4A1C-A1BE-E1711984B28E}"
EndProject
Project("{FAE04EC0-301F-11D3-BF4B-00C04F79EFBC}") = "Billing.Sales.Entities", "Billing.Sales.Business.Rules\Billing.Sales.Entities.csproj", "{C3427538-E2B6-4CFA-82CA-C42524BB1EF9}"
EndProject
Project("{FAE04EC0-301F-11D3-BF4B-00C04F79EFBC}") = "Billing.Sales.Backend.BusinessObjects", "Billing.Sales.Backend.BusinessObjects\Billing.Sales.Backend.BusinessObjects.csproj", "{8FFC9AD8-77D1-4085-8E8E-6DDF27D4FBA4}"
EndProject
Project("{FAE04EC0-301F-11D3-BF4B-00C04F79EFBC}") = "Billing.Sales.Backend.UseCases", "Billing.Sales.Backend.UseCases\Billing.Sales.Backend.UseCases.csproj", "{5E4BEB33-5FE6-4AA1-9FA4-BF1AFB85517A}"
EndProject
Project("{FAE04EC0-301F-11D3-BF4B-00C04F79EFBC}") = "Billing.Sales.Fronend.Business.Objects", "Billing.Sales.Fronend.Business.Objects\Billing.Sales.Fronend.Business.Objects.csproj", "{A3DD907B-C63B-40B1-86B9-0D327BCC9939}"
EndProject
Project("{2150E333-8FDC-42A3-9474-1A3956D46DE8}") = "Controllers", "Controllers", "{A73C4390-59E3-49B8-8F5E-2C455BCE9377}"
EndProject
Project("{2150E333-8FDC-42A3-9474-1A3956D46DE8}") = "Gateways", "Gateways", "{057BF346-2BC0-42A2-AA25-EA7C105F69D0}"
EndProject
Project("{2150E333-8FDC-42A3-9474-1A3956D46DE8}") = "Presenters", "Presenters", "{44D70671-2791-439C-94D6-8F6580D485AC}"
EndProject
Project("{2150E333-8FDC-42A3-9474-1A3956D46DE8}") = "Views", "Views", "{2D058A69-2C14-42A0-81DE-863C41622910}"
EndProject
Project("{2150E333-8FDC-42A3-9474-1A3956D46DE8}") = "Frameworks", "Frameworks", "{7BFDF499-AF03-4EE2-8098-5AD113A6E5BC}"
EndProject
Project("{2150E333-8FDC-42A3-9474-1A3956D46DE8}") = "IoC", "IoC", "{63E32D54-98A5-4307-B13D-BA33AB08A94B}"
EndProject
Project("{2150E333-8FDC-42A3-9474-1A3956D46DE8}") = "UI", "UI", "{D3420E05-0DBD-47C6-953A-DBCDEF3F6BC2}"
EndProject
Project("{FAE04EC0-301F-11D3-BF4B-00C04F79EFBC}") = "Billing.Sales.Backend.Contollers", "Billing.Sales.Backend.Contollers\Billing.Sales.Backend.Contollers.csproj", "{C19BF677-0CFC-42F9-B748-A085B24C2789}"
EndProject
Project("{2150E333-8FDC-42A3-9474-1A3956D46DE8}") = "Repositories", "Repositories", "{09C2E597-0AAD-4ECF-8A42-C9E745EEC47C}"
EndProject
Project("{2150E333-8FDC-42A3-9474-1A3956D46DE8}") = "WebApiGateways", "WebApiGateways", "{09A9055E-1BF2-42DF-918F-2243CDE32F22}"
EndProject
Project("{FAE04EC0-301F-11D3-BF4B-00C04F79EFBC}") = "Billing.Sales.Backend.Repositories", "Billing.Sales.Backend.Repositories\Billing.Sales.Backend.Repositories.csproj", "{83FAE984-D2AA-460C-A2C6-83E6DFEBE3B9}"
EndProject
Project("{FAE04EC0-301F-11D3-BF4B-00C04F79EFBC}") = "Billing.Sales.Fronend.Gateways", "Billing.Sales.Fronend.Gateways\Billing.Sales.Fronend.Gateways.csproj", "{FA1C9034-DB7B-4E89-94E8-E2CD0A739710}"
EndProject
Project("{FAE04EC0-301F-11D3-BF4B-00C04F79EFBC}") = "Billing.Sales.Backend.Presenters", "Billing.Sales.Backend.Presenters\Billing.Sales.Backend.Presenters.csproj", "{AB4F0D49-57E1-4F3A-8B42-932C9E85400B}"
EndProject
Project("{2150E333-8FDC-42A3-9474-1A3956D46DE8}") = "DataContexts", "DataContexts", "{3A1564D1-D068-4B5E-8B40-D1ED16F581CE}"
EndProject
Project("{FAE04EC0-301F-11D3-BF4B-00C04F79EFBC}") = "Billing.Sales.Backend.DataContext.EFCore", "Billing.Sales.Backend.DataContext.EFCore\Billing.Sales.Backend.DataContext.EFCore.csproj", "{D2DDDD54-1056-4141-B559-1379B9C19717}"
EndProject
Global
	GlobalSection(SolutionConfigurationPlatforms) = preSolution
		Debug|Any CPU = Debug|Any CPU
		Release|Any CPU = Release|Any CPU
	EndGlobalSection
	GlobalSection(ProjectConfigurationPlatforms) = postSolution
		{C3427538-E2B6-4CFA-82CA-C42524BB1EF9}.Debug|Any CPU.ActiveCfg = Debug|Any CPU
		{C3427538-E2B6-4CFA-82CA-C42524BB1EF9}.Debug|Any CPU.Build.0 = Debug|Any CPU
		{C3427538-E2B6-4CFA-82CA-C42524BB1EF9}.Release|Any CPU.ActiveCfg = Release|Any CPU
		{C3427538-E2B6-4CFA-82CA-C42524BB1EF9}.Release|Any CPU.Build.0 = Release|Any CPU
		{8FFC9AD8-77D1-4085-8E8E-6DDF27D4FBA4}.Debug|Any CPU.ActiveCfg = Debug|Any CPU
		{8FFC9AD8-77D1-4085-8E8E-6DDF27D4FBA4}.Debug|Any CPU.Build.0 = Debug|Any CPU
		{8FFC9AD8-77D1-4085-8E8E-6DDF27D4FBA4}.Release|Any CPU.ActiveCfg = Release|Any CPU
		{8FFC9AD8-77D1-4085-8E8E-6DDF27D4FBA4}.Release|Any CPU.Build.0 = Release|Any CPU
		{5E4BEB33-5FE6-4AA1-9FA4-BF1AFB85517A}.Debug|Any CPU.ActiveCfg = Debug|Any CPU
		{5E4BEB33-5FE6-4AA1-9FA4-BF1AFB85517A}.Debug|Any CPU.Build.0 = Debug|Any CPU
		{5E4BEB33-5FE6-4AA1-9FA4-BF1AFB85517A}.Release|Any CPU.ActiveCfg = Release|Any CPU
		{5E4BEB33-5FE6-4AA1-9FA4-BF1AFB85517A}.Release|Any CPU.Build.0 = Release|Any CPU
		{A3DD907B-C63B-40B1-86B9-0D327BCC9939}.Debug|Any CPU.ActiveCfg = Debug|Any CPU
		{A3DD907B-C63B-40B1-86B9-0D327BCC9939}.Debug|Any CPU.Build.0 = Debug|Any CPU
		{A3DD907B-C63B-40B1-86B9-0D327BCC9939}.Release|Any CPU.ActiveCfg = Release|Any CPU
		{A3DD907B-C63B-40B1-86B9-0D327BCC9939}.Release|Any CPU.Build.0 = Release|Any CPU
		{C19BF677-0CFC-42F9-B748-A085B24C2789}.Debug|Any CPU.ActiveCfg = Debug|Any CPU
		{C19BF677-0CFC-42F9-B748-A085B24C2789}.Debug|Any CPU.Build.0 = Debug|Any CPU
		{C19BF677-0CFC-42F9-B748-A085B24C2789}.Release|Any CPU.ActiveCfg = Release|Any CPU
		{C19BF677-0CFC-42F9-B748-A085B24C2789}.Release|Any CPU.Build.0 = Release|Any CPU
		{83FAE984-D2AA-460C-A2C6-83E6DFEBE3B9}.Debug|Any CPU.ActiveCfg = Debug|Any CPU
		{83FAE984-D2AA-460C-A2C6-83E6DFEBE3B9}.Debug|Any CPU.Build.0 = Debug|Any CPU
		{83FAE984-D2AA-460C-A2C6-83E6DFEBE3B9}.Release|Any CPU.ActiveCfg = Release|Any CPU
		{83FAE984-D2AA-460C-A2C6-83E6DFEBE3B9}.Release|Any CPU.Build.0 = Release|Any CPU
		{FA1C9034-DB7B-4E89-94E8-E2CD0A739710}.Debug|Any CPU.ActiveCfg = Debug|Any CPU
		{FA1C9034-DB7B-4E89-94E8-E2CD0A739710}.Debug|Any CPU.Build.0 = Debug|Any CPU
		{FA1C9034-DB7B-4E89-94E8-E2CD0A739710}.Release|Any CPU.ActiveCfg = Release|Any CPU
		{FA1C9034-DB7B-4E89-94E8-E2CD0A739710}.Release|Any CPU.Build.0 = Release|Any CPU
		{AB4F0D49-57E1-4F3A-8B42-932C9E85400B}.Debug|Any CPU.ActiveCfg = Debug|Any CPU
		{AB4F0D49-57E1-4F3A-8B42-932C9E85400B}.Debug|Any CPU.Build.0 = Debug|Any CPU
		{AB4F0D49-57E1-4F3A-8B42-932C9E85400B}.Release|Any CPU.ActiveCfg = Release|Any CPU
		{AB4F0D49-57E1-4F3A-8B42-932C9E85400B}.Release|Any CPU.Build.0 = Release|Any CPU
		{D2DDDD54-1056-4141-B559-1379B9C19717}.Debug|Any CPU.ActiveCfg = Debug|Any CPU
		{D2DDDD54-1056-4141-B559-1379B9C19717}.Debug|Any CPU.Build.0 = Debug|Any CPU
		{D2DDDD54-1056-4141-B559-1379B9C19717}.Release|Any CPU.ActiveCfg = Release|Any CPU
		{D2DDDD54-1056-4141-B559-1379B9C19717}.Release|Any CPU.Build.0 = Release|Any CPU
	EndGlobalSection
	GlobalSection(SolutionProperties) = preSolution
		HideSolutionNode = FALSE
	EndGlobalSection
	GlobalSection(NestedProjects) = preSolution
		{C3427538-E2B6-4CFA-82CA-C42524BB1EF9} = {02EA681E-C7D8-13C7-8484-4AC65E1B71E8}
		{8FFC9AD8-77D1-4085-8E8E-6DDF27D4FBA4} = {7847453E-C93D-4BD8-B1B2-39357E0DFF0A}
		{5E4BEB33-5FE6-4AA1-9FA4-BF1AFB85517A} = {7847453E-C93D-4BD8-B1B2-39357E0DFF0A}
		{A3DD907B-C63B-40B1-86B9-0D327BCC9939} = {7847453E-C93D-4BD8-B1B2-39357E0DFF0A}
		{A73C4390-59E3-49B8-8F5E-2C455BCE9377} = {5C5A6063-2E97-430B-91B5-C697B41C5E3D}
		{057BF346-2BC0-42A2-AA25-EA7C105F69D0} = {5C5A6063-2E97-430B-91B5-C697B41C5E3D}
		{44D70671-2791-439C-94D6-8F6580D485AC} = {5C5A6063-2E97-430B-91B5-C697B41C5E3D}
		{2D058A69-2C14-42A0-81DE-863C41622910} = {5C5A6063-2E97-430B-91B5-C697B41C5E3D}
		{7BFDF499-AF03-4EE2-8098-5AD113A6E5BC} = {9A4A8AB8-A4E5-4A1C-A1BE-E1711984B28E}
		{63E32D54-98A5-4307-B13D-BA33AB08A94B} = {9A4A8AB8-A4E5-4A1C-A1BE-E1711984B28E}
		{D3420E05-0DBD-47C6-953A-DBCDEF3F6BC2} = {9A4A8AB8-A4E5-4A1C-A1BE-E1711984B28E}
		{C19BF677-0CFC-42F9-B748-A085B24C2789} = {A73C4390-59E3-49B8-8F5E-2C455BCE9377}
		{09C2E597-0AAD-4ECF-8A42-C9E745EEC47C} = {057BF346-2BC0-42A2-AA25-EA7C105F69D0}
		{09A9055E-1BF2-42DF-918F-2243CDE32F22} = {057BF346-2BC0-42A2-AA25-EA7C105F69D0}
		{83FAE984-D2AA-460C-A2C6-83E6DFEBE3B9} = {09C2E597-0AAD-4ECF-8A42-C9E745EEC47C}
		{FA1C9034-DB7B-4E89-94E8-E2CD0A739710} = {09A9055E-1BF2-42DF-918F-2243CDE32F22}
		{AB4F0D49-57E1-4F3A-8B42-932C9E85400B} = {44D70671-2791-439C-94D6-8F6580D485AC}
		{3A1564D1-D068-4B5E-8B40-D1ED16F581CE} = {7BFDF499-AF03-4EE2-8098-5AD113A6E5BC}
		{D2DDDD54-1056-4141-B559-1379B9C19717} = {3A1564D1-D068-4B5E-8B40-D1ED16F581CE}
	EndGlobalSection
	GlobalSection(ExtensibilityGlobals) = postSolution
		SolutionGuid = {86F0A32F-FFE2-4C75-A123-700F12672869}
	EndGlobalSection
EndGlobal
